// !$*UTF8*$!
{
	archiveVersion = 1;
	classes = {
	};
	objectVersion = 46;
	objects = {

/* Begin PBXBuildFile section */
		EF4761311C3BD4F40052BB0F /* AppDelegate.swift in Sources */ = {isa = PBXBuildFile; fileRef = EF4761301C3BD4F40052BB0F /* AppDelegate.swift */; };
		EF4761331C3BD4F40052BB0F /* ViewController.swift in Sources */ = {isa = PBXBuildFile; fileRef = EF4761321C3BD4F40052BB0F /* ViewController.swift */; };
		EF4761361C3BD4F40052BB0F /* Main.storyboard in Resources */ = {isa = PBXBuildFile; fileRef = EF4761341C3BD4F40052BB0F /* Main.storyboard */; };
		EF47613B1C3BD4F40052BB0F /* LaunchScreen.storyboard in Resources */ = {isa = PBXBuildFile; fileRef = EF4761391C3BD4F40052BB0F /* LaunchScreen.storyboard */; };
		EF4761461C3BD4F40052BB0F /* StopWatchTests.swift in Sources */ = {isa = PBXBuildFile; fileRef = EF4761451C3BD4F40052BB0F /* StopWatchTests.swift */; };
		EF4761511C3BD4F40052BB0F /* StopWatchUITests.swift in Sources */ = {isa = PBXBuildFile; fileRef = EF4761501C3BD4F40052BB0F /* StopWatchUITests.swift */; };
		EFC6DFCC1C3ED6C50085BDF1 /* CountdownTimerViewController.swift in Sources */ = {isa = PBXBuildFile; fileRef = EFC6DFCB1C3ED6C50085BDF1 /* CountdownTimerViewController.swift */; };
		EFC6DFD01C3EF6170085BDF1 /* Assets.xcassets in Resources */ = {isa = PBXBuildFile; fileRef = EFC6DFCF1C3EF6170085BDF1 /* Assets.xcassets */; };
/* End PBXBuildFile section */

/* Begin PBXContainerItemProxy section */
		EF4761421C3BD4F40052BB0F /* PBXContainerItemProxy */ = {
			isa = PBXContainerItemProxy;
			containerPortal = EF4761251C3BD4F40052BB0F /* Project object */;
			proxyType = 1;
			remoteGlobalIDString = EF47612C1C3BD4F40052BB0F;
			remoteInfo = StopWatch;
		};
		EF47614D1C3BD4F40052BB0F /* PBXContainerItemProxy */ = {
			isa = PBXContainerItemProxy;
			containerPortal = EF4761251C3BD4F40052BB0F /* Project object */;
			proxyType = 1;
			remoteGlobalIDString = EF47612C1C3BD4F40052BB0F;
			remoteInfo = StopWatch;
		};
/* End PBXContainerItemProxy section */

/* Begin PBXFileReference section */
		EF47612D1C3BD4F40052BB0F /* StopWatch.app */ = {isa = PBXFileReference; explicitFileType = wrapper.application; includeInIndex = 0; path = StopWatch.app; sourceTree = BUILT_PRODUCTS_DIR; };
		EF4761301C3BD4F40052BB0F /* AppDelegate.swift */ = {isa = PBXFileReference; lastKnownFileType = sourcecode.swift; path = AppDelegate.swift; sourceTree = "<group>"; };
		EF4761321C3BD4F40052BB0F /* ViewController.swift */ = {isa = PBXFileReference; lastKnownFileType = sourcecode.swift; path = ViewController.swift; sourceTree = "<group>"; };
		EF4761351C3BD4F40052BB0F /* Base */ = {isa = PBXFileReference; lastKnownFileType = file.storyboard; name = Base; path = Base.lproj/Main.storyboard; sourceTree = "<group>"; };
		EF47613A1C3BD4F40052BB0F /* Base */ = {isa = PBXFileReference; lastKnownFileType = file.storyboard; name = Base; path = Base.lproj/LaunchScreen.storyboard; sourceTree = "<group>"; };
		EF47613C1C3BD4F40052BB0F /* Info.plist */ = {isa = PBXFileReference; lastKnownFileType = text.plist.xml; path = Info.plist; sourceTree = "<group>"; };
		EF4761411C3BD4F40052BB0F /* StopWatchTests.xctest */ = {isa = PBXFileReference; explicitFileType = wrapper.cfbundle; includeInIndex = 0; path = StopWatchTests.xctest; sourceTree = BUILT_PRODUCTS_DIR; };
		EF4761451C3BD4F40052BB0F /* StopWatchTests.swift */ = {isa = PBXFileReference; lastKnownFileType = sourcecode.swift; path = StopWatchTests.swift; sourceTree = "<group>"; };
		EF4761471C3BD4F40052BB0F /* Info.plist */ = {isa = PBXFileReference; lastKnownFileType = text.plist.xml; path = Info.plist; sourceTree = "<group>"; };
		EF47614C1C3BD4F40052BB0F /* StopWatchUITests.xctest */ = {isa = PBXFileReference; explicitFileType = wrapper.cfbundle; includeInIndex = 0; path = StopWatchUITests.xctest; sourceTree = BUILT_PRODUCTS_DIR; };
		EF4761501C3BD4F40052BB0F /* StopWatchUITests.swift */ = {isa = PBXFileReference; lastKnownFileType = sourcecode.swift; path = StopWatchUITests.swift; sourceTree = "<group>"; };
		EF4761521C3BD4F40052BB0F /* Info.plist */ = {isa = PBXFileReference; lastKnownFileType = text.plist.xml; path = Info.plist; sourceTree = "<group>"; };
		EFC6DFCB1C3ED6C50085BDF1 /* CountdownTimerViewController.swift */ = {isa = PBXFileReference; fileEncoding = 4; lastKnownFileType = sourcecode.swift; path = CountdownTimerViewController.swift; sourceTree = "<group>"; };
		EFC6DFCF1C3EF6170085BDF1 /* Assets.xcassets */ = {isa = PBXFileReference; lastKnownFileType = folder.assetcatalog; path = Assets.xcassets; sourceTree = "<group>"; };
/* End PBXFileReference section */

/* Begin PBXFrameworksBuildPhase section */
		EF47612A1C3BD4F40052BB0F /* Frameworks */ = {
			isa = PBXFrameworksBuildPhase;
			buildActionMask = 2147483647;
			files = (
			);
			runOnlyForDeploymentPostprocessing = 0;
		};
		EF47613E1C3BD4F40052BB0F /* Frameworks */ = {
			isa = PBXFrameworksBuildPhase;
			buildActionMask = 2147483647;
			files = (
			);
			runOnlyForDeploymentPostprocessing = 0;
		};
		EF4761491C3BD4F40052BB0F /* Frameworks */ = {
			isa = PBXFrameworksBuildPhase;
			buildActionMask = 2147483647;
			files = (
			);
			runOnlyForDeploymentPostprocessing = 0;
		};
/* End PBXFrameworksBuildPhase section */

/* Begin PBXGroup section */
		EF4761241C3BD4F40052BB0F = {
			isa = PBXGroup;
			children = (
				EF47612F1C3BD4F40052BB0F /* StopWatch */,
				EF4761441C3BD4F40052BB0F /* StopWatchTests */,
				EF47614F1C3BD4F40052BB0F /* StopWatchUITests */,
				EF47612E1C3BD4F40052BB0F /* Products */,
			);
			sourceTree = "<group>";
		};
		EF47612E1C3BD4F40052BB0F /* Products */ = {
			isa = PBXGroup;
			children = (
				EF47612D1C3BD4F40052BB0F /* StopWatch.app */,
				EF4761411C3BD4F40052BB0F /* StopWatchTests.xctest */,
				EF47614C1C3BD4F40052BB0F /* StopWatchUITests.xctest */,
			);
			name = Products;
			sourceTree = "<group>";
		};
		EF47612F1C3BD4F40052BB0F /* StopWatch */ = {
			isa = PBXGroup;
			children = (
				EFC6DFCF1C3EF6170085BDF1 /* Assets.xcassets */,
				EF4761301C3BD4F40052BB0F /* AppDelegate.swift */,
				EF4761321C3BD4F40052BB0F /* ViewController.swift */,
				EF4761341C3BD4F40052BB0F /* Main.storyboard */,
				EFC6DFCB1C3ED6C50085BDF1 /* CountdownTimerViewController.swift */,
				EF4761391C3BD4F40052BB0F /* LaunchScreen.storyboard */,
				EF47613C1C3BD4F40052BB0F /* Info.plist */,
			);
			path = StopWatch;
			sourceTree = "<group>";
		};
		EF4761441C3BD4F40052BB0F /* StopWatchTests */ = {
			isa = PBXGroup;
			children = (
				EF4761451C3BD4F40052BB0F /* StopWatchTests.swift */,
				EF4761471C3BD4F40052BB0F /* Info.plist */,
			);
			path = StopWatchTests;
			sourceTree = "<group>";
		};
		EF47614F1C3BD4F40052BB0F /* StopWatchUITests */ = {
			isa = PBXGroup;
			children = (
				EF4761501C3BD4F40052BB0F /* StopWatchUITests.swift */,
				EF4761521C3BD4F40052BB0F /* Info.plist */,
			);
			path = StopWatchUITests;
			sourceTree = "<group>";
		};
/* End PBXGroup section */

/* Begin PBXNativeTarget section */
		EF47612C1C3BD4F40052BB0F /* StopWatch */ = {
			isa = PBXNativeTarget;
			buildConfigurationList = EF4761551C3BD4F40052BB0F /* Build configuration list for PBXNativeTarget "StopWatch" */;
			buildPhases = (
				EF4761291C3BD4F40052BB0F /* Sources */,
				EF47612A1C3BD4F40052BB0F /* Frameworks */,
				EF47612B1C3BD4F40052BB0F /* Resources */,
			);
			buildRules = (
			);
			dependencies = (
			);
			name = StopWatch;
			productName = StopWatch;
			productReference = EF47612D1C3BD4F40052BB0F /* StopWatch.app */;
			productType = "com.apple.product-type.application";
		};
		EF4761401C3BD4F40052BB0F /* StopWatchTests */ = {
			isa = PBXNativeTarget;
			buildConfigurationList = EF4761581C3BD4F40052BB0F /* Build configuration list for PBXNativeTarget "StopWatchTests" */;
			buildPhases = (
				EF47613D1C3BD4F40052BB0F /* Sources */,
				EF47613E1C3BD4F40052BB0F /* Frameworks */,
				EF47613F1C3BD4F40052BB0F /* Resources */,
			);
			buildRules = (
			);
			dependencies = (
				EF4761431C3BD4F40052BB0F /* PBXTargetDependency */,
			);
			name = StopWatchTests;
			productName = StopWatchTests;
			productReference = EF4761411C3BD4F40052BB0F /* StopWatchTests.xctest */;
			productType = "com.apple.product-type.bundle.unit-test";
		};
		EF47614B1C3BD4F40052BB0F /* StopWatchUITests */ = {
			isa = PBXNativeTarget;
			buildConfigurationList = EF47615B1C3BD4F40052BB0F /* Build configuration list for PBXNativeTarget "StopWatchUITests" */;
			buildPhases = (
				EF4761481C3BD4F40052BB0F /* Sources */,
				EF4761491C3BD4F40052BB0F /* Frameworks */,
				EF47614A1C3BD4F40052BB0F /* Resources */,
			);
			buildRules = (
			);
			dependencies = (
				EF47614E1C3BD4F40052BB0F /* PBXTargetDependency */,
			);
			name = StopWatchUITests;
			productName = StopWatchUITests;
			productReference = EF47614C1C3BD4F40052BB0F /* StopWatchUITests.xctest */;
			productType = "com.apple.product-type.bundle.ui-testing";
		};
/* End PBXNativeTarget section */

/* Begin PBXProject section */
		EF4761251C3BD4F40052BB0F /* Project object */ = {
			isa = PBXProject;
			attributes = {
				LastSwiftUpdateCheck = 0720;
				LastUpgradeCheck = 0720;
				ORGANIZATIONNAME = Thyago;
				TargetAttributes = {
					EF47612C1C3BD4F40052BB0F = {
						CreatedOnToolsVersion = 7.2;
					};
					EF4761401C3BD4F40052BB0F = {
						CreatedOnToolsVersion = 7.2;
						TestTargetID = EF47612C1C3BD4F40052BB0F;
					};
					EF47614B1C3BD4F40052BB0F = {
						CreatedOnToolsVersion = 7.2;
						TestTargetID = EF47612C1C3BD4F40052BB0F;
					};
				};
			};
			buildConfigurationList = EF4761281C3BD4F40052BB0F /* Build configuration list for PBXProject "StopWatch" */;
			compatibilityVersion = "Xcode 3.2";
			developmentRegion = English;
			hasScannedForEncodings = 0;
			knownRegions = (
				en,
				Base,
			);
			mainGroup = EF4761241C3BD4F40052BB0F;
			productRefGroup = EF47612E1C3BD4F40052BB0F /* Products */;
			projectDirPath = "";
			projectRoot = "";
			targets = (
				EF47612C1C3BD4F40052BB0F /* StopWatch */,
				EF4761401C3BD4F40052BB0F /* StopWatchTests */,
				EF47614B1C3BD4F40052BB0F /* StopWatchUITests */,
			);
		};
/* End PBXProject section */

/* Begin PBXResourcesBuildPhase section */
		EF47612B1C3BD4F40052BB0F /* Resources */ = {
			isa = PBXResourcesBuildPhase;
			buildActionMask = 2147483647;
			files = (
				EF47613B1C3BD4F40052BB0F /* LaunchScreen.storyboard in Resources */,
				EFC6DFD01C3EF6170085BDF1 /* Assets.xcassets in Resources */,
				EF4761361C3BD4F40052BB0F /* Main.storyboard in Resources */,
			);
			runOnlyForDeploymentPostprocessing = 0;
		};
		EF47613F1C3BD4F40052BB0F /* Resources */ = {
			isa = PBXResourcesBuildPhase;
			buildActionMask = 2147483647;
			files = (
			);
			runOnlyForDeploymentPostprocessing = 0;
		};
		EF47614A1C3BD4F40052BB0F /* Resources */ = {
			isa = PBXResourcesBuildPhase;
			buildActionMask = 2147483647;
			files = (
			);
			runOnlyForDeploymentPostprocessing = 0;
		};
/* End PBXResourcesBuildPhase section */

/* Begin PBXSourcesBuildPhase section */
		EF4761291C3BD4F40052BB0F /* Sources */ = {
			isa = PBXSourcesBuildPhase;
			buildActionMask = 2147483647;
			files = (
				EF4761331C3BD4F40052BB0F /* ViewController.swift in Sources */,
				EF4761311C3BD4F40052BB0F /* AppDelegate.swift in Sources */,
				EFC6DFCC1C3ED6C50085BDF1 /* CountdownTimerViewController.swift in Sources */,
			);
			runOnlyForDeploymentPostprocessing = 0;
		};
		EF47613D1C3BD4F40052BB0F /* Sources */ = {
			isa = PBXSourcesBuildPhase;
			buildActionMask = 2147483647;
			files = (
				EF4761461C3BD4F40052BB0F /* StopWatchTests.swift in Sources */,
			);
			runOnlyForDeploymentPostprocessing = 0;
		};
		EF4761481C3BD4F40052BB0F /* Sources */ = {
			isa = PBXSourcesBuildPhase;
			buildActionMask = 2147483647;
			files = (
				EF4761511C3BD4F40052BB0F /* StopWatchUITests.swift in Sources */,
			);
			runOnlyForDeploymentPostprocessing = 0;
		};
/* End PBXSourcesBuildPhase section */

/* Begin PBXTargetDependency section */
		EF4761431C3BD4F40052BB0F /* PBXTargetDependency */ = {
			isa = PBXTargetDependency;
			target = EF47612C1C3BD4F40052BB0F /* StopWatch */;
			targetProxy = EF4761421C3BD4F40052BB0F /* PBXContainerItemProxy */;
		};
		EF47614E1C3BD4F40052BB0F /* PBXTargetDependency */ = {
			isa = PBXTargetDependency;
			target = EF47612C1C3BD4F40052BB0F /* StopWatch */;
			targetProxy = EF47614D1C3BD4F40052BB0F /* PBXContainerItemProxy */;
		};
/* End PBXTargetDependency section */

/* Begin PBXVariantGroup section */
		EF4761341C3BD4F40052BB0F /* Main.storyboard */ = {
			isa = PBXVariantGroup;
			children = (
				EF4761351C3BD4F40052BB0F /* Base */,
			);
			name = Main.storyboard;
			sourceTree = "<group>";
		};
		EF4761391C3BD4F40052BB0F /* LaunchScreen.storyboard */ = {
			isa = PBXVariantGroup;
			children = (
				EF47613A1C3BD4F40052BB0F /* Base */,
			);
			name = LaunchScreen.storyboard;
			sourceTree = "<group>";
		};
/* End PBXVariantGroup section */

/* Begin XCBuildConfiguration section */
		EF4761531C3BD4F40052BB0F /* Debug */ = {
			isa = XCBuildConfiguration;
			buildSettings = {
				ALWAYS_SEARCH_USER_PATHS = NO;
				CLANG_CXX_LANGUAGE_STANDARD = "gnu++0x";
				CLANG_CXX_LIBRARY = "libc++";
				CLANG_ENABLE_MODULES = YES;
				CLANG_ENABLE_OBJC_ARC = YES;
				CLANG_WARN_BOOL_CONVERSION = YES;
				CLANG_WARN_CONSTANT_CONVERSION = YES;
				CLANG_WARN_DIRECT_OBJC_ISA_USAGE = YES_ERROR;
				CLANG_WARN_EMPTY_BODY = YES;
				CLANG_WARN_ENUM_CONVERSION = YES;
				CLANG_WARN_INT_CONVERSION = YES;
				CLANG_WARN_OBJC_ROOT_CLASS = YES_ERROR;
				CLANG_WARN_UNREACHABLE_CODE = YES;
				CLANG_WARN__DUPLICATE_METHOD_MATCH = YES;
				"CODE_SIGN_IDENTITY[sdk=iphoneos*]" = "iPhone Developer";
				COPY_PHASE_STRIP = NO;
				DEBUG_INFORMATION_FORMAT = dwarf;
				ENABLE_STRICT_OBJC_MSGSEND = YES;
				ENABLE_TESTABILITY = YES;
				GCC_C_LANGUAGE_STANDARD = gnu99;
				GCC_DYNAMIC_NO_PIC = NO;
				GCC_NO_COMMON_BLOCKS = YES;
				GCC_OPTIMIZATION_LEVEL = 0;
				GCC_PREPROCESSOR_DEFINITIONS = (
					"DEBUG=1",
					"$(inherited)",
				);
				GCC_WARN_64_TO_32_BIT_CONVERSION = YES;
				GCC_WARN_ABOUT_RETURN_TYPE = YES_ERROR;
				GCC_WARN_UNDECLARED_SELECTOR = YES;
				GCC_WARN_UNINITIALIZED_AUTOS = YES_AGGRESSIVE;
				GCC_WARN_UNUSED_FUNCTION = YES;
				GCC_WARN_UNUSED_VARIABLE = YES;
				IPHONEOS_DEPLOYMENT_TARGET = 9.2;
				MTL_ENABLE_DEBUG_INFO = YES;
				ONLY_ACTIVE_ARCH = YES;
				SDKROOT = iphoneos;
				SWIFT_OPTIMIZATION_LEVEL = "-Onone";
				TARGETED_DEVICE_FAMILY = "1,2";
			};
			name = Debug;
		};
		EF4761541C3BD4F40052BB0F /* Release */ = {
			isa = XCBuildConfiguration;
			buildSettings = {
				ALWAYS_SEARCH_USER_PATHS = NO;
				CLANG_CXX_LANGUAGE_STANDARD = "gnu++0x";
				CLANG_CXX_LIBRARY = "libc++";
				CLANG_ENABLE_MODULES = YES;
				CLANG_ENABLE_OBJC_ARC = YES;
				CLANG_WARN_BOOL_CONVERSION = YES;
				CLANG_WARN_CONSTANT_CONVERSION = YES;
				CLANG_WARN_DIRECT_OBJC_ISA_USAGE = YES_ERROR;
				CLANG_WARN_EMPTY_BODY = YES;
				CLANG_WARN_ENUM_CONVERSION = YES;
				CLANG_WARN_INT_CONVERSION = YES;
				CLANG_WARN_OBJC_ROOT_CLASS = YES_ERROR;
				CLANG_WARN_UNREACHABLE_CODE = YES;
				CLANG_WARN__DUPLICATE_METHOD_MATCH = YES;
				"CODE_SIGN_IDENTITY[sdk=iphoneos*]" = "iPhone Developer";
				COPY_PHASE_STRIP = NO;
				DEBUG_INFORMATION_FORMAT = "dwarf-with-dsym";
				ENABLE_NS_ASSERTIONS = NO;
				ENABLE_STRICT_OBJC_MSGSEND = YES;
				GCC_C_LANGUAGE_STANDARD = gnu99;
				GCC_NO_COMMON_BLOCKS = YES;
				GCC_WARN_64_TO_32_BIT_CONVERSION = YES;
				GCC_WARN_ABOUT_RETURN_TYPE = YES_ERROR;
				GCC_WARN_UNDECLARED_SELECTOR = YES;
				GCC_WARN_UNINITIALIZED_AUTOS = YES_AGGRESSIVE;
				GCC_WARN_UNUSED_FUNCTION = YES;
				GCC_WARN_UNUSED_VARIABLE = YES;
				IPHONEOS_DEPLOYMENT_TARGET = 9.2;
				MTL_ENABLE_DEBUG_INFO = NO;
				SDKROOT = iphoneos;
				TARGETED_DEVICE_FAMILY = "1,2";
				VALIDATE_PRODUCT = YES;
			};
			name = Release;
		};
		EF4761561C3BD4F40052BB0F /* Debug */ = {
			isa = XCBuildConfiguration;
			buildSettings = {
				ASSETCATALOG_COMPILER_APPICON_NAME = AppIcon;
				INFOPLIST_FILE = StopWatch/Info.plist;
				LD_RUNPATH_SEARCH_PATHS = "$(inherited) @executable_path/Frameworks";
				PRODUCT_BUNDLE_IDENTIFIER = com.thyago.StopWatch;
				PRODUCT_NAME = "$(TARGET_NAME)";
			};
			name = Debug;
		};
		EF4761571C3BD4F40052BB0F /* Release */ = {
			isa = XCBuildConfiguration;
			buildSettings = {
				ASSETCATALOG_COMPILER_APPICON_NAME = AppIcon;
				INFOPLIST_FILE = StopWatch/Info.plist;
				LD_RUNPATH_SEARCH_PATHS = "$(inherited) @executable_path/Frameworks";
				PRODUCT_BUNDLE_IDENTIFIER = com.thyago.StopWatch;
				PRODUCT_NAME = "$(TARGET_NAME)";
			};
			name = Release;
		};
		EF4761591C3BD4F40052BB0F /* Debug */ = {
			isa = XCBuildConfiguration;
			buildSettings = {
				BUNDLE_LOADER = "$(TEST_HOST)";
				INFOPLIST_FILE = StopWatchTests/Info.plist;
				LD_RUNPATH_SEARCH_PATHS = "$(inherited) @executable_path/Frameworks @loader_path/Frameworks";
				PRODUCT_BUNDLE_IDENTIFIER = com.thyago.StopWatchTests;
				PRODUCT_NAME = "$(TARGET_NAME)";
				TEST_HOST = "$(BUILT_PRODUCTS_DIR)/StopWatch.app/StopWatch";
			};
			name = Debug;
		};
		EF47615A1C3BD4F40052BB0F /* Release */ = {
			isa = XCBuildConfiguration;
			buildSettings = {
				BUNDLE_LOADER = "$(TEST_HOST)";
				INFOPLIST_FILE = StopWatchTests/Info.plist;
				LD_RUNPATH_SEARCH_PATHS = "$(inherited) @executable_path/Frameworks @loader_path/Frameworks";
				PRODUCT_BUNDLE_IDENTIFIER = com.thyago.StopWatchTests;
				PRODUCT_NAME = "$(TARGET_NAME)";
				TEST_HOST = "$(BUILT_PRODUCTS_DIR)/StopWatch.app/StopWatch";
			};
			name = Release;
		};
		EF47615C1C3BD4F40052BB0F /* Debug */ = {
			isa = XCBuildConfiguration;
			buildSettings = {
				INFOPLIST_FILE = StopWatchUITests/Info.plist;
				LD_RUNPATH_SEARCH_PATHS = "$(inherited) @executable_path/Frameworks @loader_path/Frameworks";
				PRODUCT_BUNDLE_IDENTIFIER = com.thyago.StopWatchUITests;
				PRODUCT_NAME = "$(TARGET_NAME)";
				TEST_TARGET_NAME = StopWatch;
				USES_XCTRUNNER = YES;
			};
			name = Debug;
		};
		EF47615D1C3BD4F40052BB0F /* Release */ = {
			isa = XCBuildConfiguration;
			buildSettings = {
				INFOPLIST_FILE = StopWatchUITests/Info.plist;
				LD_RUNPATH_SEARCH_PATHS = "$(inherited) @executable_path/Frameworks @loader_path/Frameworks";
				PRODUCT_BUNDLE_IDENTIFIER = com.thyago.StopWatchUITests;
				PRODUCT_NAME = "$(TARGET_NAME)";
				TEST_TARGET_NAME = StopWatch;
				USES_XCTRUNNER = YES;
			};
			name = Release;
		};
/* End XCBuildConfiguration section */

/* Begin XCConfigurationList section */
		EF4761281C3BD4F40052BB0F /* Build configuration list for PBXProject "StopWatch" */ = {
			isa = XCConfigurationList;
			buildConfigurations = (
				EF4761531C3BD4F40052BB0F /* Debug */,
				EF4761541C3BD4F40052BB0F /* Release */,
			);
			defaultConfigurationIsVisible = 0;
			defaultConfigurationName = Release;
		};
		EF4761551C3BD4F40052BB0F /* Build configuration list for PBXNativeTarget "StopWatch" */ = {
			isa = XCConfigurationList;
			buildConfigurations = (
				EF4761561C3BD4F40052BB0F /* Debug */,
				EF4761571C3BD4F40052BB0F /* Release */,
			);
			defaultConfigurationIsVisible = 0;
			defaultConfigurationName = Release;
		};
		EF4761581C3BD4F40052BB0F /* Build configuration list for PBXNativeTarget "StopWatchTests" */ = {
			isa = XCConfigurationList;
			buildConfigurations = (
				EF4761591C3BD4F40052BB0F /* Debug */,
				EF47615A1C3BD4F40052BB0F /* Release */,
			);
			defaultConfigurationIsVisible = 0;
			defaultConfigurationName = Release;
		};
		EF47615B1C3BD4F40052BB0F /* Build configuration list for PBXNativeTarget "StopWatchUITests" */ = {
			isa = XCConfigurationList;
			buildConfigurations = (
				EF47615C1C3BD4F40052BB0F /* Debug */,
				EF47615D1C3BD4F40052BB0F /* Release */,
			);
			defaultConfigurationIsVisible = 0;
			defaultConfigurationName = Release;
		};
/* End XCConfigurationList section */
	};
	rootObject = EF4761251C3BD4F40052BB0F /* Project object */;
}
