// !$*UTF8*$!
{
	archiveVersion = 1;
	classes = {
	};
	objectVersion = 46;
	objects = {

/* Begin PBXBuildFile section */
		EF911D471C64184200281AAC /* AppDelegate.swift in Sources */ = {isa = PBXBuildFile; fileRef = EF911D461C64184200281AAC /* AppDelegate.swift */; };
		EF911D491C64184200281AAC /* ViewController.swift in Sources */ = {isa = PBXBuildFile; fileRef = EF911D481C64184200281AAC /* ViewController.swift */; };
		EF911D4C1C64184200281AAC /* Main.storyboard in Resources */ = {isa = PBXBuildFile; fileRef = EF911D4A1C64184200281AAC /* Main.storyboard */; };
		EF911D4E1C64184200281AAC /* Assets.xcassets in Resources */ = {isa = PBXBuildFile; fileRef = EF911D4D1C64184200281AAC /* Assets.xcassets */; };
		EF911D511C64184200281AAC /* LaunchScreen.storyboard in Resources */ = {isa = PBXBuildFile; fileRef = EF911D4F1C64184200281AAC /* LaunchScreen.storyboard */; };
		EF911D591C641BDB00281AAC /* MapKit.framework in Frameworks */ = {isa = PBXBuildFile; fileRef = EF911D581C641BDB00281AAC /* MapKit.framework */; };
/* End PBXBuildFile section */

/* Begin PBXFileReference section */
		EF911D431C64184200281AAC /* Week3Project.app */ = {isa = PBXFileReference; explicitFileType = wrapper.application; includeInIndex = 0; path = Week3Project.app; sourceTree = BUILT_PRODUCTS_DIR; };
		EF911D461C64184200281AAC /* AppDelegate.swift */ = {isa = PBXFileReference; lastKnownFileType = sourcecode.swift; path = AppDelegate.swift; sourceTree = "<group>"; };
		EF911D481C64184200281AAC /* ViewController.swift */ = {isa = PBXFileReference; lastKnownFileType = sourcecode.swift; path = ViewController.swift; sourceTree = "<group>"; };
		EF911D4B1C64184200281AAC /* Base */ = {isa = PBXFileReference; lastKnownFileType = file.storyboard; name = Base; path = Base.lproj/Main.storyboard; sourceTree = "<group>"; };
		EF911D4D1C64184200281AAC /* Assets.xcassets */ = {isa = PBXFileReference; lastKnownFileType = folder.assetcatalog; path = Assets.xcassets; sourceTree = "<group>"; };
		EF911D501C64184200281AAC /* Base */ = {isa = PBXFileReference; lastKnownFileType = file.storyboard; name = Base; path = Base.lproj/LaunchScreen.storyboard; sourceTree = "<group>"; };
		EF911D521C64184200281AAC /* Info.plist */ = {isa = PBXFileReference; lastKnownFileType = text.plist.xml; path = Info.plist; sourceTree = "<group>"; };
		EF911D581C641BDB00281AAC /* MapKit.framework */ = {isa = PBXFileReference; lastKnownFileType = wrapper.framework; name = MapKit.framework; path = System/Library/Frameworks/MapKit.framework; sourceTree = SDKROOT; };
/* End PBXFileReference section */

/* Begin PBXFrameworksBuildPhase section */
		EF911D401C64184200281AAC /* Frameworks */ = {
			isa = PBXFrameworksBuildPhase;
			buildActionMask = 2147483647;
			files = (
				EF911D591C641BDB00281AAC /* MapKit.framework in Frameworks */,
			);
			runOnlyForDeploymentPostprocessing = 0;
		};
/* End PBXFrameworksBuildPhase section */

/* Begin PBXGroup section */
		EF911D3A1C64184200281AAC = {
			isa = PBXGroup;
			children = (
				EF911D581C641BDB00281AAC /* MapKit.framework */,
				EF911D451C64184200281AAC /* Week3Project */,
				EF911D441C64184200281AAC /* Products */,
			);
			sourceTree = "<group>";
		};
		EF911D441C64184200281AAC /* Products */ = {
			isa = PBXGroup;
			children = (
				EF911D431C64184200281AAC /* Week3Project.app */,
			);
			name = Products;
			sourceTree = "<group>";
		};
		EF911D451C64184200281AAC /* Week3Project */ = {
			isa = PBXGroup;
			children = (
				EF911D461C64184200281AAC /* AppDelegate.swift */,
				EF911D481C64184200281AAC /* ViewController.swift */,
				EF911D4A1C64184200281AAC /* Main.storyboard */,
				EF911D4D1C64184200281AAC /* Assets.xcassets */,
				EF911D4F1C64184200281AAC /* LaunchScreen.storyboard */,
				EF911D521C64184200281AAC /* Info.plist */,
			);
			path = Week3Project;
			sourceTree = "<group>";
		};
/* End PBXGroup section */

/* Begin PBXNativeTarget section */
		EF911D421C64184200281AAC /* Week3Project */ = {
			isa = PBXNativeTarget;
			buildConfigurationList = EF911D551C64184200281AAC /* Build configuration list for PBXNativeTarget "Week3Project" */;
			buildPhases = (
				EF911D3F1C64184200281AAC /* Sources */,
				EF911D401C64184200281AAC /* Frameworks */,
				EF911D411C64184200281AAC /* Resources */,
			);
			buildRules = (
			);
			dependencies = (
			);
			name = Week3Project;
			productName = Week3Project;
			productReference = EF911D431C64184200281AAC /* Week3Project.app */;
			productType = "com.apple.product-type.application";
		};
/* End PBXNativeTarget section */

/* Begin PBXProject section */
		EF911D3B1C64184200281AAC /* Project object */ = {
			isa = PBXProject;
			attributes = {
				LastSwiftUpdateCheck = 0720;
				LastUpgradeCheck = 0720;
				ORGANIZATIONNAME = Thyago;
				TargetAttributes = {
					EF911D421C64184200281AAC = {
						CreatedOnToolsVersion = 7.2;
					};
				};
			};
			buildConfigurationList = EF911D3E1C64184200281AAC /* Build configuration list for PBXProject "Week3Project" */;
			compatibilityVersion = "Xcode 3.2";
			developmentRegion = English;
			hasScannedForEncodings = 0;
			knownRegions = (
				en,
				Base,
			);
			mainGroup = EF911D3A1C64184200281AAC;
			productRefGroup = EF911D441C64184200281AAC /* Products */;
			projectDirPath = "";
			projectRoot = "";
			targets = (
				EF911D421C64184200281AAC /* Week3Project */,
			);
		};
/* End PBXProject section */

/* Begin PBXResourcesBuildPhase section */
		EF911D411C64184200281AAC /* Resources */ = {
			isa = PBXResourcesBuildPhase;
			buildActionMask = 2147483647;
			files = (
				EF911D511C64184200281AAC /* LaunchScreen.storyboard in Resources */,
				EF911D4E1C64184200281AAC /* Assets.xcassets in Resources */,
				EF911D4C1C64184200281AAC /* Main.storyboard in Resources */,
			);
			runOnlyForDeploymentPostprocessing = 0;
		};
/* End PBXResourcesBuildPhase section */

/* Begin PBXSourcesBuildPhase section */
		EF911D3F1C64184200281AAC /* Sources */ = {
			isa = PBXSourcesBuildPhase;
			buildActionMask = 2147483647;
			files = (
				EF911D491C64184200281AAC /* ViewController.swift in Sources */,
				EF911D471C64184200281AAC /* AppDelegate.swift in Sources */,
			);
			runOnlyForDeploymentPostprocessing = 0;
		};
/* End PBXSourcesBuildPhase section */

/* Begin PBXVariantGroup section */
		EF911D4A1C64184200281AAC /* Main.storyboard */ = {
			isa = PBXVariantGroup;
			children = (
				EF911D4B1C64184200281AAC /* Base */,
			);
			name = Main.storyboard;
			sourceTree = "<group>";
		};
		EF911D4F1C64184200281AAC /* LaunchScreen.storyboard */ = {
			isa = PBXVariantGroup;
			children = (
				EF911D501C64184200281AAC /* Base */,
			);
			name = LaunchScreen.storyboard;
			sourceTree = "<group>";
		};
/* End PBXVariantGroup section */

/* Begin XCBuildConfiguration section */
		EF911D531C64184200281AAC /* Debug */ = {
			isa = XCBuildConfiguration;
			buildSettings = {
				ALWAYS_SEARCH_USER_PATHS = NO;
				CLANG_CXX_LANGUAGE_STANDARD = "gnu++0x";
				CLANG_CXX_LIBRARY = "libc++";
				CLANG_ENABLE_MODULES = YES;
				CLANG_ENABLE_OBJC_ARC = YES;
				CLANG_WARN_BOOL_CONVERSION = YES;
				CLANG_WARN_CONSTANT_CONVERSION = YES;
				CLANG_WARN_DIRECT_OBJC_ISA_USAGE = YES_ERROR;
				CLANG_WARN_EMPTY_BODY = YES;
				CLANG_WARN_ENUM_CONVERSION = YES;
				CLANG_WARN_INT_CONVERSION = YES;
				CLANG_WARN_OBJC_ROOT_CLASS = YES_ERROR;
				CLANG_WARN_UNREACHABLE_CODE = YES;
				CLANG_WARN__DUPLICATE_METHOD_MATCH = YES;
				"CODE_SIGN_IDENTITY[sdk=iphoneos*]" = "iPhone Developer";
				COPY_PHASE_STRIP = NO;
				DEBUG_INFORMATION_FORMAT = dwarf;
				ENABLE_STRICT_OBJC_MSGSEND = YES;
				ENABLE_TESTABILITY = YES;
				GCC_C_LANGUAGE_STANDARD = gnu99;
				GCC_DYNAMIC_NO_PIC = NO;
				GCC_NO_COMMON_BLOCKS = YES;
				GCC_OPTIMIZATION_LEVEL = 0;
				GCC_PREPROCESSOR_DEFINITIONS = (
					"DEBUG=1",
					"$(inherited)",
				);
				GCC_WARN_64_TO_32_BIT_CONVERSION = YES;
				GCC_WARN_ABOUT_RETURN_TYPE = YES_ERROR;
				GCC_WARN_UNDECLARED_SELECTOR = YES;
				GCC_WARN_UNINITIALIZED_AUTOS = YES_AGGRESSIVE;
				GCC_WARN_UNUSED_FUNCTION = YES;
				GCC_WARN_UNUSED_VARIABLE = YES;
				IPHONEOS_DEPLOYMENT_TARGET = 9.2;
				MTL_ENABLE_DEBUG_INFO = YES;
				ONLY_ACTIVE_ARCH = YES;
				SDKROOT = iphoneos;
				SWIFT_OPTIMIZATION_LEVEL = "-Onone";
				TARGETED_DEVICE_FAMILY = "1,2";
			};
			name = Debug;
		};
		EF911D541C64184200281AAC /* Release */ = {
			isa = XCBuildConfiguration;
			buildSettings = {
				ALWAYS_SEARCH_USER_PATHS = NO;
				CLANG_CXX_LANGUAGE_STANDARD = "gnu++0x";
				CLANG_CXX_LIBRARY = "libc++";
				CLANG_ENABLE_MODULES = YES;
				CLANG_ENABLE_OBJC_ARC = YES;
				CLANG_WARN_BOOL_CONVERSION = YES;
				CLANG_WARN_CONSTANT_CONVERSION = YES;
				CLANG_WARN_DIRECT_OBJC_ISA_USAGE = YES_ERROR;
				CLANG_WARN_EMPTY_BODY = YES;
				CLANG_WARN_ENUM_CONVERSION = YES;
				CLANG_WARN_INT_CONVERSION = YES;
				CLANG_WARN_OBJC_ROOT_CLASS = YES_ERROR;
				CLANG_WARN_UNREACHABLE_CODE = YES;
				CLANG_WARN__DUPLICATE_METHOD_MATCH = YES;
				"CODE_SIGN_IDENTITY[sdk=iphoneos*]" = "iPhone Developer";
				COPY_PHASE_STRIP = NO;
				DEBUG_INFORMATION_FORMAT = "dwarf-with-dsym";
				ENABLE_NS_ASSERTIONS = NO;
				ENABLE_STRICT_OBJC_MSGSEND = YES;
				GCC_C_LANGUAGE_STANDARD = gnu99;
				GCC_NO_COMMON_BLOCKS = YES;
				GCC_WARN_64_TO_32_BIT_CONVERSION = YES;
				GCC_WARN_ABOUT_RETURN_TYPE = YES_ERROR;
				GCC_WARN_UNDECLARED_SELECTOR = YES;
				GCC_WARN_UNINITIALIZED_AUTOS = YES_AGGRESSIVE;
				GCC_WARN_UNUSED_FUNCTION = YES;
				GCC_WARN_UNUSED_VARIABLE = YES;
				IPHONEOS_DEPLOYMENT_TARGET = 9.2;
				MTL_ENABLE_DEBUG_INFO = NO;
				SDKROOT = iphoneos;
				TARGETED_DEVICE_FAMILY = "1,2";
				VALIDATE_PRODUCT = YES;
			};
			name = Release;
		};
		EF911D561C64184200281AAC /* Debug */ = {
			isa = XCBuildConfiguration;
			buildSettings = {
				ASSETCATALOG_COMPILER_APPICON_NAME = AppIcon;
				INFOPLIST_FILE = Week3Project/Info.plist;
				LD_RUNPATH_SEARCH_PATHS = "$(inherited) @executable_path/Frameworks";
				PRODUCT_BUNDLE_IDENTIFIER = com.thyago.Week3Project;
				PRODUCT_NAME = "$(TARGET_NAME)";
			};
			name = Debug;
		};
		EF911D571C64184200281AAC /* Release */ = {
			isa = XCBuildConfiguration;
			buildSettings = {
				ASSETCATALOG_COMPILER_APPICON_NAME = AppIcon;
				INFOPLIST_FILE = Week3Project/Info.plist;
				LD_RUNPATH_SEARCH_PATHS = "$(inherited) @executable_path/Frameworks";
				PRODUCT_BUNDLE_IDENTIFIER = com.thyago.Week3Project;
				PRODUCT_NAME = "$(TARGET_NAME)";
			};
			name = Release;
		};
/* End XCBuildConfiguration section */

/* Begin XCConfigurationList section */
		EF911D3E1C64184200281AAC /* Build configuration list for PBXProject "Week3Project" */ = {
			isa = XCConfigurationList;
			buildConfigurations = (
				EF911D531C64184200281AAC /* Debug */,
				EF911D541C64184200281AAC /* Release */,
			);
			defaultConfigurationIsVisible = 0;
			defaultConfigurationName = Release;
		};
		EF911D551C64184200281AAC /* Build configuration list for PBXNativeTarget "Week3Project" */ = {
			isa = XCConfigurationList;
			buildConfigurations = (
				EF911D561C64184200281AAC /* Debug */,
				EF911D571C64184200281AAC /* Release */,
			);
			defaultConfigurationIsVisible = 0;
		};
/* End XCConfigurationList section */
	};
	rootObject = EF911D3B1C64184200281AAC /* Project object */;
}
